// !$*UTF8*$!
{
	archiveVersion = 1;
	classes = {
	};
	objectVersion = 56;
	objects = {

/* Begin PBXBuildFile section */
		042D3EF02A1C4C71009CFEB7 /* EditActivityView.swift in Sources */ = {isa = PBXBuildFile; fileRef = 042D3EEF2A1C4C71009CFEB7 /* EditActivityView.swift */; };
		042D3EF22A1C4C89009CFEB7 /* TrackingView.swift in Sources */ = {isa = PBXBuildFile; fileRef = 042D3EF12A1C4C89009CFEB7 /* TrackingView.swift */; };
		042D3EF42A1C4C99009CFEB7 /* ProfileView.swift in Sources */ = {isa = PBXBuildFile; fileRef = 042D3EF32A1C4C99009CFEB7 /* ProfileView.swift */; };
		042D3EF62A204448009CFEB7 /* ProfileModel.swift in Sources */ = {isa = PBXBuildFile; fileRef = 042D3EF52A204448009CFEB7 /* ProfileModel.swift */; };
		042D3EF82A204457009CFEB7 /* ProfileViewModel.swift in Sources */ = {isa = PBXBuildFile; fileRef = 042D3EF72A204457009CFEB7 /* ProfileViewModel.swift */; };
		042D3EFE2A23703E009CFEB7 /* SwiftUICharts in Frameworks */ = {isa = PBXBuildFile; productRef = 042D3EFD2A23703E009CFEB7 /* SwiftUICharts */; };
		045BEBA12A09EFE3002C5DAE /* ALP_getSchedApp.swift in Sources */ = {isa = PBXBuildFile; fileRef = 045BEBA02A09EFE3002C5DAE /* ALP_getSchedApp.swift */; };
		045BEBA52A09EFE4002C5DAE /* Assets.xcassets in Resources */ = {isa = PBXBuildFile; fileRef = 045BEBA42A09EFE4002C5DAE /* Assets.xcassets */; };
		045BEBA82A09EFE4002C5DAE /* Preview Assets.xcassets in Resources */ = {isa = PBXBuildFile; fileRef = 045BEBA72A09EFE4002C5DAE /* Preview Assets.xcassets */; };
		045BEBB22A09EFE4002C5DAE /* ALP_getSchedTests.swift in Sources */ = {isa = PBXBuildFile; fileRef = 045BEBB12A09EFE4002C5DAE /* ALP_getSchedTests.swift */; };
		045BEBBC2A09EFE4002C5DAE /* ALP_getSchedUITests.swift in Sources */ = {isa = PBXBuildFile; fileRef = 045BEBBB2A09EFE4002C5DAE /* ALP_getSchedUITests.swift */; };
		045BEBBE2A09EFE4002C5DAE /* ALP_getSchedUITestsLaunchTests.swift in Sources */ = {isa = PBXBuildFile; fileRef = 045BEBBD2A09EFE4002C5DAE /* ALP_getSchedUITestsLaunchTests.swift */; };
		045BEBD12A09F932002C5DAE /* ActivityModel.swift in Sources */ = {isa = PBXBuildFile; fileRef = 045BEBD02A09F932002C5DAE /* ActivityModel.swift */; };
		045BEC1F2A120613002C5DAE /* ActivityListView.swift in Sources */ = {isa = PBXBuildFile; fileRef = 045BEC1E2A120613002C5DAE /* ActivityListView.swift */; };
		045BEC232A120890002C5DAE /* ActivityListCard.swift in Sources */ = {isa = PBXBuildFile; fileRef = 045BEC222A120890002C5DAE /* ActivityListCard.swift */; };
		045BEC252A121960002C5DAE /* ActivityViewModel.swift in Sources */ = {isa = PBXBuildFile; fileRef = 045BEC242A121960002C5DAE /* ActivityViewModel.swift */; };
		045BEC272A1220ED002C5DAE /* AddActivityView.swift in Sources */ = {isa = PBXBuildFile; fileRef = 045BEC262A1220ED002C5DAE /* AddActivityView.swift */; };
/* End PBXBuildFile section */

/* Begin PBXContainerItemProxy section */
		045BEBAE2A09EFE4002C5DAE /* PBXContainerItemProxy */ = {
			isa = PBXContainerItemProxy;
			containerPortal = 045BEB952A09EFE3002C5DAE /* Project object */;
			proxyType = 1;
			remoteGlobalIDString = 045BEB9C2A09EFE3002C5DAE;
			remoteInfo = ALP_getSched;
		};
		045BEBB82A09EFE4002C5DAE /* PBXContainerItemProxy */ = {
			isa = PBXContainerItemProxy;
			containerPortal = 045BEB952A09EFE3002C5DAE /* Project object */;
			proxyType = 1;
			remoteGlobalIDString = 045BEB9C2A09EFE3002C5DAE;
			remoteInfo = ALP_getSched;
		};
/* End PBXContainerItemProxy section */

/* Begin PBXFileReference section */
		042D3EEF2A1C4C71009CFEB7 /* EditActivityView.swift */ = {isa = PBXFileReference; lastKnownFileType = sourcecode.swift; path = EditActivityView.swift; sourceTree = "<group>"; };
		042D3EF12A1C4C89009CFEB7 /* TrackingView.swift */ = {isa = PBXFileReference; lastKnownFileType = sourcecode.swift; path = TrackingView.swift; sourceTree = "<group>"; };
		042D3EF32A1C4C99009CFEB7 /* ProfileView.swift */ = {isa = PBXFileReference; lastKnownFileType = sourcecode.swift; path = ProfileView.swift; sourceTree = "<group>"; };
		042D3EF52A204448009CFEB7 /* ProfileModel.swift */ = {isa = PBXFileReference; lastKnownFileType = sourcecode.swift; path = ProfileModel.swift; sourceTree = "<group>"; };
		042D3EF72A204457009CFEB7 /* ProfileViewModel.swift */ = {isa = PBXFileReference; lastKnownFileType = sourcecode.swift; path = ProfileViewModel.swift; sourceTree = "<group>"; };
		045BEB9D2A09EFE3002C5DAE /* ALP_getSched.app */ = {isa = PBXFileReference; explicitFileType = wrapper.application; includeInIndex = 0; path = ALP_getSched.app; sourceTree = BUILT_PRODUCTS_DIR; };
		045BEBA02A09EFE3002C5DAE /* ALP_getSchedApp.swift */ = {isa = PBXFileReference; lastKnownFileType = sourcecode.swift; path = ALP_getSchedApp.swift; sourceTree = "<group>"; };
		045BEBA42A09EFE4002C5DAE /* Assets.xcassets */ = {isa = PBXFileReference; lastKnownFileType = folder.assetcatalog; path = Assets.xcassets; sourceTree = "<group>"; };
		045BEBA72A09EFE4002C5DAE /* Preview Assets.xcassets */ = {isa = PBXFileReference; lastKnownFileType = folder.assetcatalog; path = "Preview Assets.xcassets"; sourceTree = "<group>"; };
		045BEBAD2A09EFE4002C5DAE /* ALP_getSchedTests.xctest */ = {isa = PBXFileReference; explicitFileType = wrapper.cfbundle; includeInIndex = 0; path = ALP_getSchedTests.xctest; sourceTree = BUILT_PRODUCTS_DIR; };
		045BEBB12A09EFE4002C5DAE /* ALP_getSchedTests.swift */ = {isa = PBXFileReference; lastKnownFileType = sourcecode.swift; path = ALP_getSchedTests.swift; sourceTree = "<group>"; };
		045BEBB72A09EFE4002C5DAE /* ALP_getSchedUITests.xctest */ = {isa = PBXFileReference; explicitFileType = wrapper.cfbundle; includeInIndex = 0; path = ALP_getSchedUITests.xctest; sourceTree = BUILT_PRODUCTS_DIR; };
		045BEBBB2A09EFE4002C5DAE /* ALP_getSchedUITests.swift */ = {isa = PBXFileReference; lastKnownFileType = sourcecode.swift; path = ALP_getSchedUITests.swift; sourceTree = "<group>"; };
		045BEBBD2A09EFE4002C5DAE /* ALP_getSchedUITestsLaunchTests.swift */ = {isa = PBXFileReference; lastKnownFileType = sourcecode.swift; path = ALP_getSchedUITestsLaunchTests.swift; sourceTree = "<group>"; };
		045BEBD02A09F932002C5DAE /* ActivityModel.swift */ = {isa = PBXFileReference; lastKnownFileType = sourcecode.swift; path = ActivityModel.swift; sourceTree = "<group>"; };
		045BEC1E2A120613002C5DAE /* ActivityListView.swift */ = {isa = PBXFileReference; lastKnownFileType = sourcecode.swift; path = ActivityListView.swift; sourceTree = "<group>"; };
		045BEC222A120890002C5DAE /* ActivityListCard.swift */ = {isa = PBXFileReference; lastKnownFileType = sourcecode.swift; path = ActivityListCard.swift; sourceTree = "<group>"; };
		045BEC242A121960002C5DAE /* ActivityViewModel.swift */ = {isa = PBXFileReference; lastKnownFileType = sourcecode.swift; path = ActivityViewModel.swift; sourceTree = "<group>"; };
		045BEC262A1220ED002C5DAE /* AddActivityView.swift */ = {isa = PBXFileReference; lastKnownFileType = sourcecode.swift; path = AddActivityView.swift; sourceTree = "<group>"; };
/* End PBXFileReference section */

/* Begin PBXFrameworksBuildPhase section */
		045BEB9A2A09EFE3002C5DAE /* Frameworks */ = {
			isa = PBXFrameworksBuildPhase;
			buildActionMask = 2147483647;
			files = (
				042D3EFE2A23703E009CFEB7 /* SwiftUICharts in Frameworks */,
			);
			runOnlyForDeploymentPostprocessing = 0;
		};
		045BEBAA2A09EFE4002C5DAE /* Frameworks */ = {
			isa = PBXFrameworksBuildPhase;
			buildActionMask = 2147483647;
			files = (
			);
			runOnlyForDeploymentPostprocessing = 0;
		};
		045BEBB42A09EFE4002C5DAE /* Frameworks */ = {
			isa = PBXFrameworksBuildPhase;
			buildActionMask = 2147483647;
			files = (
			);
			runOnlyForDeploymentPostprocessing = 0;
		};
/* End PBXFrameworksBuildPhase section */

/* Begin PBXGroup section */
		045BEB942A09EFE3002C5DAE = {
			isa = PBXGroup;
			children = (
				045BEB9F2A09EFE3002C5DAE /* ALP_getSched */,
				045BEBB02A09EFE4002C5DAE /* ALP_getSchedTests */,
				045BEBBA2A09EFE4002C5DAE /* ALP_getSchedUITests */,
				045BEB9E2A09EFE3002C5DAE /* Products */,
			);
			sourceTree = "<group>";
		};
		045BEB9E2A09EFE3002C5DAE /* Products */ = {
			isa = PBXGroup;
			children = (
				045BEB9D2A09EFE3002C5DAE /* ALP_getSched.app */,
				045BEBAD2A09EFE4002C5DAE /* ALP_getSchedTests.xctest */,
				045BEBB72A09EFE4002C5DAE /* ALP_getSchedUITests.xctest */,
			);
			name = Products;
			sourceTree = "<group>";
		};
		045BEB9F2A09EFE3002C5DAE /* ALP_getSched */ = {
			isa = PBXGroup;
			children = (
				045BEC1D2A1205FE002C5DAE /* ViewModel */,
				045BEC1C2A1205F7002C5DAE /* Model */,
				045BEC1B2A1205F1002C5DAE /* View */,
				045BEBA02A09EFE3002C5DAE /* ALP_getSchedApp.swift */,
				045BEBA42A09EFE4002C5DAE /* Assets.xcassets */,
				045BEBA62A09EFE4002C5DAE /* Preview Content */,
			);
			path = ALP_getSched;
			sourceTree = "<group>";
		};
		045BEBA62A09EFE4002C5DAE /* Preview Content */ = {
			isa = PBXGroup;
			children = (
				045BEBA72A09EFE4002C5DAE /* Preview Assets.xcassets */,
			);
			path = "Preview Content";
			sourceTree = "<group>";
		};
		045BEBB02A09EFE4002C5DAE /* ALP_getSchedTests */ = {
			isa = PBXGroup;
			children = (
				045BEBB12A09EFE4002C5DAE /* ALP_getSchedTests.swift */,
			);
			path = ALP_getSchedTests;
			sourceTree = "<group>";
		};
		045BEBBA2A09EFE4002C5DAE /* ALP_getSchedUITests */ = {
			isa = PBXGroup;
			children = (
				045BEBBB2A09EFE4002C5DAE /* ALP_getSchedUITests.swift */,
				045BEBBD2A09EFE4002C5DAE /* ALP_getSchedUITestsLaunchTests.swift */,
			);
			path = ALP_getSchedUITests;
			sourceTree = "<group>";
		};
		045BEC1B2A1205F1002C5DAE /* View */ = {
			isa = PBXGroup;
			children = (
				045BEC1E2A120613002C5DAE /* ActivityListView.swift */,
				045BEC222A120890002C5DAE /* ActivityListCard.swift */,
				045BEC262A1220ED002C5DAE /* AddActivityView.swift */,
				042D3EEF2A1C4C71009CFEB7 /* EditActivityView.swift */,
				042D3EF12A1C4C89009CFEB7 /* TrackingView.swift */,
				042D3EF32A1C4C99009CFEB7 /* ProfileView.swift */,
			);
			path = View;
			sourceTree = "<group>";
		};
		045BEC1C2A1205F7002C5DAE /* Model */ = {
			isa = PBXGroup;
			children = (
				045BEBD02A09F932002C5DAE /* ActivityModel.swift */,
				042D3EF52A204448009CFEB7 /* ProfileModel.swift */,
			);
			path = Model;
			sourceTree = "<group>";
		};
		045BEC1D2A1205FE002C5DAE /* ViewModel */ = {
			isa = PBXGroup;
			children = (
				045BEC242A121960002C5DAE /* ActivityViewModel.swift */,
				042D3EF72A204457009CFEB7 /* ProfileViewModel.swift */,
			);
			path = ViewModel;
			sourceTree = "<group>";
		};
/* End PBXGroup section */

/* Begin PBXNativeTarget section */
		045BEB9C2A09EFE3002C5DAE /* ALP_getSched */ = {
			isa = PBXNativeTarget;
			buildConfigurationList = 045BEBC12A09EFE4002C5DAE /* Build configuration list for PBXNativeTarget "ALP_getSched" */;
			buildPhases = (
				045BEB992A09EFE3002C5DAE /* Sources */,
				045BEB9A2A09EFE3002C5DAE /* Frameworks */,
				045BEB9B2A09EFE3002C5DAE /* Resources */,
			);
			buildRules = (
			);
			dependencies = (
			);
			name = ALP_getSched;
			packageProductDependencies = (
				042D3EFD2A23703E009CFEB7 /* SwiftUICharts */,
			);
			productName = ALP_getSched;
			productReference = 045BEB9D2A09EFE3002C5DAE /* ALP_getSched.app */;
			productType = "com.apple.product-type.application";
		};
		045BEBAC2A09EFE4002C5DAE /* ALP_getSchedTests */ = {
			isa = PBXNativeTarget;
			buildConfigurationList = 045BEBC42A09EFE4002C5DAE /* Build configuration list for PBXNativeTarget "ALP_getSchedTests" */;
			buildPhases = (
				045BEBA92A09EFE4002C5DAE /* Sources */,
				045BEBAA2A09EFE4002C5DAE /* Frameworks */,
				045BEBAB2A09EFE4002C5DAE /* Resources */,
			);
			buildRules = (
			);
			dependencies = (
				045BEBAF2A09EFE4002C5DAE /* PBXTargetDependency */,
			);
			name = ALP_getSchedTests;
			productName = ALP_getSchedTests;
			productReference = 045BEBAD2A09EFE4002C5DAE /* ALP_getSchedTests.xctest */;
			productType = "com.apple.product-type.bundle.unit-test";
		};
		045BEBB62A09EFE4002C5DAE /* ALP_getSchedUITests */ = {
			isa = PBXNativeTarget;
			buildConfigurationList = 045BEBC72A09EFE4002C5DAE /* Build configuration list for PBXNativeTarget "ALP_getSchedUITests" */;
			buildPhases = (
				045BEBB32A09EFE4002C5DAE /* Sources */,
				045BEBB42A09EFE4002C5DAE /* Frameworks */,
				045BEBB52A09EFE4002C5DAE /* Resources */,
			);
			buildRules = (
			);
			dependencies = (
				045BEBB92A09EFE4002C5DAE /* PBXTargetDependency */,
			);
			name = ALP_getSchedUITests;
			productName = ALP_getSchedUITests;
			productReference = 045BEBB72A09EFE4002C5DAE /* ALP_getSchedUITests.xctest */;
			productType = "com.apple.product-type.bundle.ui-testing";
		};
/* End PBXNativeTarget section */

/* Begin PBXProject section */
		045BEB952A09EFE3002C5DAE /* Project object */ = {
			isa = PBXProject;
			attributes = {
				BuildIndependentTargetsInParallel = 1;
				LastSwiftUpdateCheck = 1430;
				LastUpgradeCheck = 1430;
				TargetAttributes = {
					045BEB9C2A09EFE3002C5DAE = {
						CreatedOnToolsVersion = 14.3;
					};
					045BEBAC2A09EFE4002C5DAE = {
						CreatedOnToolsVersion = 14.3;
						TestTargetID = 045BEB9C2A09EFE3002C5DAE;
					};
					045BEBB62A09EFE4002C5DAE = {
						CreatedOnToolsVersion = 14.3;
						TestTargetID = 045BEB9C2A09EFE3002C5DAE;
					};
				};
			};
			buildConfigurationList = 045BEB982A09EFE3002C5DAE /* Build configuration list for PBXProject "ALP_getSched" */;
			compatibilityVersion = "Xcode 14.0";
			developmentRegion = en;
			hasScannedForEncodings = 0;
			knownRegions = (
				en,
				Base,
			);
			mainGroup = 045BEB942A09EFE3002C5DAE;
			packageReferences = (
				042D3EFC2A23703E009CFEB7 /* XCRemoteSwiftPackageReference "ChartView" */,
			);
			productRefGroup = 045BEB9E2A09EFE3002C5DAE /* Products */;
			projectDirPath = "";
			projectRoot = "";
			targets = (
				045BEB9C2A09EFE3002C5DAE /* ALP_getSched */,
				045BEBAC2A09EFE4002C5DAE /* ALP_getSchedTests */,
				045BEBB62A09EFE4002C5DAE /* ALP_getSchedUITests */,
			);
		};
/* End PBXProject section */

/* Begin PBXResourcesBuildPhase section */
		045BEB9B2A09EFE3002C5DAE /* Resources */ = {
			isa = PBXResourcesBuildPhase;
			buildActionMask = 2147483647;
			files = (
				045BEBA82A09EFE4002C5DAE /* Preview Assets.xcassets in Resources */,
				045BEBA52A09EFE4002C5DAE /* Assets.xcassets in Resources */,
			);
			runOnlyForDeploymentPostprocessing = 0;
		};
		045BEBAB2A09EFE4002C5DAE /* Resources */ = {
			isa = PBXResourcesBuildPhase;
			buildActionMask = 2147483647;
			files = (
			);
			runOnlyForDeploymentPostprocessing = 0;
		};
		045BEBB52A09EFE4002C5DAE /* Resources */ = {
			isa = PBXResourcesBuildPhase;
			buildActionMask = 2147483647;
			files = (
			);
			runOnlyForDeploymentPostprocessing = 0;
		};
/* End PBXResourcesBuildPhase section */

/* Begin PBXSourcesBuildPhase section */
		045BEB992A09EFE3002C5DAE /* Sources */ = {
			isa = PBXSourcesBuildPhase;
			buildActionMask = 2147483647;
			files = (
				045BEC252A121960002C5DAE /* ActivityViewModel.swift in Sources */,
				042D3EF42A1C4C99009CFEB7 /* ProfileView.swift in Sources */,
				045BEC232A120890002C5DAE /* ActivityListCard.swift in Sources */,
				045BEBD12A09F932002C5DAE /* ActivityModel.swift in Sources */,
				042D3EF22A1C4C89009CFEB7 /* TrackingView.swift in Sources */,
				042D3EF62A204448009CFEB7 /* ProfileModel.swift in Sources */,
				045BEC272A1220ED002C5DAE /* AddActivityView.swift in Sources */,
				042D3EF82A204457009CFEB7 /* ProfileViewModel.swift in Sources */,
				045BEBA12A09EFE3002C5DAE /* ALP_getSchedApp.swift in Sources */,
				042D3EF02A1C4C71009CFEB7 /* EditActivityView.swift in Sources */,
				045BEC1F2A120613002C5DAE /* ActivityListView.swift in Sources */,
			);
			runOnlyForDeploymentPostprocessing = 0;
		};
		045BEBA92A09EFE4002C5DAE /* Sources */ = {
			isa = PBXSourcesBuildPhase;
			buildActionMask = 2147483647;
			files = (
				045BEBB22A09EFE4002C5DAE /* ALP_getSchedTests.swift in Sources */,
			);
			runOnlyForDeploymentPostprocessing = 0;
		};
		045BEBB32A09EFE4002C5DAE /* Sources */ = {
			isa = PBXSourcesBuildPhase;
			buildActionMask = 2147483647;
			files = (
				045BEBBC2A09EFE4002C5DAE /* ALP_getSchedUITests.swift in Sources */,
				045BEBBE2A09EFE4002C5DAE /* ALP_getSchedUITestsLaunchTests.swift in Sources */,
			);
			runOnlyForDeploymentPostprocessing = 0;
		};
/* End PBXSourcesBuildPhase section */

/* Begin PBXTargetDependency section */
		045BEBAF2A09EFE4002C5DAE /* PBXTargetDependency */ = {
			isa = PBXTargetDependency;
			target = 045BEB9C2A09EFE3002C5DAE /* ALP_getSched */;
			targetProxy = 045BEBAE2A09EFE4002C5DAE /* PBXContainerItemProxy */;
		};
		045BEBB92A09EFE4002C5DAE /* PBXTargetDependency */ = {
			isa = PBXTargetDependency;
			target = 045BEB9C2A09EFE3002C5DAE /* ALP_getSched */;
			targetProxy = 045BEBB82A09EFE4002C5DAE /* PBXContainerItemProxy */;
		};
/* End PBXTargetDependency section */

/* Begin XCBuildConfiguration section */
		045BEBBF2A09EFE4002C5DAE /* Debug */ = {
			isa = XCBuildConfiguration;
			buildSettings = {
				ALWAYS_SEARCH_USER_PATHS = NO;
				CLANG_ANALYZER_NONNULL = YES;
				CLANG_ANALYZER_NUMBER_OBJECT_CONVERSION = YES_AGGRESSIVE;
				CLANG_CXX_LANGUAGE_STANDARD = "gnu++20";
				CLANG_ENABLE_MODULES = YES;
				CLANG_ENABLE_OBJC_ARC = YES;
				CLANG_ENABLE_OBJC_WEAK = YES;
				CLANG_WARN_BLOCK_CAPTURE_AUTORELEASING = YES;
				CLANG_WARN_BOOL_CONVERSION = YES;
				CLANG_WARN_COMMA = YES;
				CLANG_WARN_CONSTANT_CONVERSION = YES;
				CLANG_WARN_DEPRECATED_OBJC_IMPLEMENTATIONS = YES;
				CLANG_WARN_DIRECT_OBJC_ISA_USAGE = YES_ERROR;
				CLANG_WARN_DOCUMENTATION_COMMENTS = YES;
				CLANG_WARN_EMPTY_BODY = YES;
				CLANG_WARN_ENUM_CONVERSION = YES;
				CLANG_WARN_INFINITE_RECURSION = YES;
				CLANG_WARN_INT_CONVERSION = YES;
				CLANG_WARN_NON_LITERAL_NULL_CONVERSION = YES;
				CLANG_WARN_OBJC_IMPLICIT_RETAIN_SELF = YES;
				CLANG_WARN_OBJC_LITERAL_CONVERSION = YES;
				CLANG_WARN_OBJC_ROOT_CLASS = YES_ERROR;
				CLANG_WARN_QUOTED_INCLUDE_IN_FRAMEWORK_HEADER = YES;
				CLANG_WARN_RANGE_LOOP_ANALYSIS = YES;
				CLANG_WARN_STRICT_PROTOTYPES = YES;
				CLANG_WARN_SUSPICIOUS_MOVE = YES;
				CLANG_WARN_UNGUARDED_AVAILABILITY = YES_AGGRESSIVE;
				CLANG_WARN_UNREACHABLE_CODE = YES;
				CLANG_WARN__DUPLICATE_METHOD_MATCH = YES;
				COPY_PHASE_STRIP = NO;
				DEBUG_INFORMATION_FORMAT = dwarf;
				ENABLE_STRICT_OBJC_MSGSEND = YES;
				ENABLE_TESTABILITY = YES;
				GCC_C_LANGUAGE_STANDARD = gnu11;
				GCC_DYNAMIC_NO_PIC = NO;
				GCC_NO_COMMON_BLOCKS = YES;
				GCC_OPTIMIZATION_LEVEL = 0;
				GCC_PREPROCESSOR_DEFINITIONS = (
					"DEBUG=1",
					"$(inherited)",
				);
				GCC_WARN_64_TO_32_BIT_CONVERSION = YES;
				GCC_WARN_ABOUT_RETURN_TYPE = YES_ERROR;
				GCC_WARN_UNDECLARED_SELECTOR = YES;
				GCC_WARN_UNINITIALIZED_AUTOS = YES_AGGRESSIVE;
				GCC_WARN_UNUSED_FUNCTION = YES;
				GCC_WARN_UNUSED_VARIABLE = YES;
				IPHONEOS_DEPLOYMENT_TARGET = 16.4;
				MTL_ENABLE_DEBUG_INFO = INCLUDE_SOURCE;
				MTL_FAST_MATH = YES;
				ONLY_ACTIVE_ARCH = YES;
				SDKROOT = iphoneos;
				SWIFT_ACTIVE_COMPILATION_CONDITIONS = DEBUG;
				SWIFT_OPTIMIZATION_LEVEL = "-Onone";
			};
			name = Debug;
		};
		045BEBC02A09EFE4002C5DAE /* Release */ = {
			isa = XCBuildConfiguration;
			buildSettings = {
				ALWAYS_SEARCH_USER_PATHS = NO;
				CLANG_ANALYZER_NONNULL = YES;
				CLANG_ANALYZER_NUMBER_OBJECT_CONVERSION = YES_AGGRESSIVE;
				CLANG_CXX_LANGUAGE_STANDARD = "gnu++20";
				CLANG_ENABLE_MODULES = YES;
				CLANG_ENABLE_OBJC_ARC = YES;
				CLANG_ENABLE_OBJC_WEAK = YES;
				CLANG_WARN_BLOCK_CAPTURE_AUTORELEASING = YES;
				CLANG_WARN_BOOL_CONVERSION = YES;
				CLANG_WARN_COMMA = YES;
				CLANG_WARN_CONSTANT_CONVERSION = YES;
				CLANG_WARN_DEPRECATED_OBJC_IMPLEMENTATIONS = YES;
				CLANG_WARN_DIRECT_OBJC_ISA_USAGE = YES_ERROR;
				CLANG_WARN_DOCUMENTATION_COMMENTS = YES;
				CLANG_WARN_EMPTY_BODY = YES;
				CLANG_WARN_ENUM_CONVERSION = YES;
				CLANG_WARN_INFINITE_RECURSION = YES;
				CLANG_WARN_INT_CONVERSION = YES;
				CLANG_WARN_NON_LITERAL_NULL_CONVERSION = YES;
				CLANG_WARN_OBJC_IMPLICIT_RETAIN_SELF = YES;
				CLANG_WARN_OBJC_LITERAL_CONVERSION = YES;
				CLANG_WARN_OBJC_ROOT_CLASS = YES_ERROR;
				CLANG_WARN_QUOTED_INCLUDE_IN_FRAMEWORK_HEADER = YES;
				CLANG_WARN_RANGE_LOOP_ANALYSIS = YES;
				CLANG_WARN_STRICT_PROTOTYPES = YES;
				CLANG_WARN_SUSPICIOUS_MOVE = YES;
				CLANG_WARN_UNGUARDED_AVAILABILITY = YES_AGGRESSIVE;
				CLANG_WARN_UNREACHABLE_CODE = YES;
				CLANG_WARN__DUPLICATE_METHOD_MATCH = YES;
				COPY_PHASE_STRIP = NO;
				DEBUG_INFORMATION_FORMAT = "dwarf-with-dsym";
				ENABLE_NS_ASSERTIONS = NO;
				ENABLE_STRICT_OBJC_MSGSEND = YES;
				GCC_C_LANGUAGE_STANDARD = gnu11;
				GCC_NO_COMMON_BLOCKS = YES;
				GCC_WARN_64_TO_32_BIT_CONVERSION = YES;
				GCC_WARN_ABOUT_RETURN_TYPE = YES_ERROR;
				GCC_WARN_UNDECLARED_SELECTOR = YES;
				GCC_WARN_UNINITIALIZED_AUTOS = YES_AGGRESSIVE;
				GCC_WARN_UNUSED_FUNCTION = YES;
				GCC_WARN_UNUSED_VARIABLE = YES;
				IPHONEOS_DEPLOYMENT_TARGET = 16.4;
				MTL_ENABLE_DEBUG_INFO = NO;
				MTL_FAST_MATH = YES;
				SDKROOT = iphoneos;
				SWIFT_COMPILATION_MODE = wholemodule;
				SWIFT_OPTIMIZATION_LEVEL = "-O";
				VALIDATE_PRODUCT = YES;
			};
			name = Release;
		};
		045BEBC22A09EFE4002C5DAE /* Debug */ = {
			isa = XCBuildConfiguration;
			buildSettings = {
				ASSETCATALOG_COMPILER_APPICON_NAME = AppIcon;
				ASSETCATALOG_COMPILER_GLOBAL_ACCENT_COLOR_NAME = AccentColor;
				CODE_SIGN_STYLE = Automatic;
				CURRENT_PROJECT_VERSION = 1;
				DEVELOPMENT_ASSET_PATHS = "\"ALP_getSched/Preview Content\"";
				DEVELOPMENT_TEAM = P2G5WJ8C54;
				ENABLE_PREVIEWS = YES;
				GENERATE_INFOPLIST_FILE = YES;
				INFOPLIST_KEY_UIApplicationSceneManifest_Generation = YES;
				INFOPLIST_KEY_UIApplicationSupportsIndirectInputEvents = YES;
				INFOPLIST_KEY_UILaunchScreen_Generation = YES;
				INFOPLIST_KEY_UISupportedInterfaceOrientations_iPad = "UIInterfaceOrientationPortrait UIInterfaceOrientationPortraitUpsideDown UIInterfaceOrientationLandscapeLeft UIInterfaceOrientationLandscapeRight";
				INFOPLIST_KEY_UISupportedInterfaceOrientations_iPhone = "UIInterfaceOrientationPortrait UIInterfaceOrientationLandscapeLeft UIInterfaceOrientationLandscapeRight";
				LD_RUNPATH_SEARCH_PATHS = (
					"$(inherited)",
					"@executable_path/Frameworks",
				);
				MARKETING_VERSION = 1.0;
				PRODUCT_BUNDLE_IDENTIFIER = "com.xcodecoba.ALP-getSched";
				PRODUCT_NAME = "$(TARGET_NAME)";
				SWIFT_EMIT_LOC_STRINGS = YES;
				SWIFT_VERSION = 5.0;
				TARGETED_DEVICE_FAMILY = "1,2";
			};
			name = Debug;
		};
		045BEBC32A09EFE4002C5DAE /* Release */ = {
			isa = XCBuildConfiguration;
			buildSettings = {
				ASSETCATALOG_COMPILER_APPICON_NAME = AppIcon;
				ASSETCATALOG_COMPILER_GLOBAL_ACCENT_COLOR_NAME = AccentColor;
				CODE_SIGN_STYLE = Automatic;
				CURRENT_PROJECT_VERSION = 1;
				DEVELOPMENT_ASSET_PATHS = "\"ALP_getSched/Preview Content\"";
				DEVELOPMENT_TEAM = P2G5WJ8C54;
				ENABLE_PREVIEWS = YES;
				GENERATE_INFOPLIST_FILE = YES;
				INFOPLIST_KEY_UIApplicationSceneManifest_Generation = YES;
				INFOPLIST_KEY_UIApplicationSupportsIndirectInputEvents = YES;
				INFOPLIST_KEY_UILaunchScreen_Generation = YES;
				INFOPLIST_KEY_UISupportedInterfaceOrientations_iPad = "UIInterfaceOrientationPortrait UIInterfaceOrientationPortraitUpsideDown UIInterfaceOrientationLandscapeLeft UIInterfaceOrientationLandscapeRight";
				INFOPLIST_KEY_UISupportedInterfaceOrientations_iPhone = "UIInterfaceOrientationPortrait UIInterfaceOrientationLandscapeLeft UIInterfaceOrientationLandscapeRight";
				LD_RUNPATH_SEARCH_PATHS = (
					"$(inherited)",
					"@executable_path/Frameworks",
				);
				MARKETING_VERSION = 1.0;
				PRODUCT_BUNDLE_IDENTIFIER = "com.xcodecoba.ALP-getSched";
				PRODUCT_NAME = "$(TARGET_NAME)";
				SWIFT_EMIT_LOC_STRINGS = YES;
				SWIFT_VERSION = 5.0;
				TARGETED_DEVICE_FAMILY = "1,2";
			};
			name = Release;
		};
		045BEBC52A09EFE4002C5DAE /* Debug */ = {
			isa = XCBuildConfiguration;
			buildSettings = {
				ALWAYS_EMBED_SWIFT_STANDARD_LIBRARIES = YES;
				BUNDLE_LOADER = "$(TEST_HOST)";
				CODE_SIGN_STYLE = Automatic;
				CURRENT_PROJECT_VERSION = 1;
				DEVELOPMENT_TEAM = P2G5WJ8C54;
				GENERATE_INFOPLIST_FILE = YES;
				IPHONEOS_DEPLOYMENT_TARGET = 16.4;
				MARKETING_VERSION = 1.0;
				PRODUCT_BUNDLE_IDENTIFIER = "com.xcodecoba.ALP-getSchedTests";
				PRODUCT_NAME = "$(TARGET_NAME)";
				SWIFT_EMIT_LOC_STRINGS = NO;
				SWIFT_VERSION = 5.0;
				TARGETED_DEVICE_FAMILY = "1,2";
				TEST_HOST = "$(BUILT_PRODUCTS_DIR)/ALP_getSched.app/$(BUNDLE_EXECUTABLE_FOLDER_PATH)/ALP_getSched";
			};
			name = Debug;
		};
		045BEBC62A09EFE4002C5DAE /* Release */ = {
			isa = XCBuildConfiguration;
			buildSettings = {
				ALWAYS_EMBED_SWIFT_STANDARD_LIBRARIES = YES;
				BUNDLE_LOADER = "$(TEST_HOST)";
				CODE_SIGN_STYLE = Automatic;
				CURRENT_PROJECT_VERSION = 1;
				DEVELOPMENT_TEAM = P2G5WJ8C54;
				GENERATE_INFOPLIST_FILE = YES;
				IPHONEOS_DEPLOYMENT_TARGET = 16.4;
				MARKETING_VERSION = 1.0;
				PRODUCT_BUNDLE_IDENTIFIER = "com.xcodecoba.ALP-getSchedTests";
				PRODUCT_NAME = "$(TARGET_NAME)";
				SWIFT_EMIT_LOC_STRINGS = NO;
				SWIFT_VERSION = 5.0;
				TARGETED_DEVICE_FAMILY = "1,2";
				TEST_HOST = "$(BUILT_PRODUCTS_DIR)/ALP_getSched.app/$(BUNDLE_EXECUTABLE_FOLDER_PATH)/ALP_getSched";
			};
			name = Release;
		};
		045BEBC82A09EFE4002C5DAE /* Debug */ = {
			isa = XCBuildConfiguration;
			buildSettings = {
				ALWAYS_EMBED_SWIFT_STANDARD_LIBRARIES = YES;
				CODE_SIGN_STYLE = Automatic;
				CURRENT_PROJECT_VERSION = 1;
				DEVELOPMENT_TEAM = P2G5WJ8C54;
				GENERATE_INFOPLIST_FILE = YES;
				MARKETING_VERSION = 1.0;
				PRODUCT_BUNDLE_IDENTIFIER = "com.xcodecoba.ALP-getSchedUITests";
				PRODUCT_NAME = "$(TARGET_NAME)";
				SWIFT_EMIT_LOC_STRINGS = NO;
				SWIFT_VERSION = 5.0;
				TARGETED_DEVICE_FAMILY = "1,2";
				TEST_TARGET_NAME = ALP_getSched;
			};
			name = Debug;
		};
		045BEBC92A09EFE4002C5DAE /* Release */ = {
			isa = XCBuildConfiguration;
			buildSettings = {
				ALWAYS_EMBED_SWIFT_STANDARD_LIBRARIES = YES;
				CODE_SIGN_STYLE = Automatic;
				CURRENT_PROJECT_VERSION = 1;
				DEVELOPMENT_TEAM = P2G5WJ8C54;
				GENERATE_INFOPLIST_FILE = YES;
				MARKETING_VERSION = 1.0;
				PRODUCT_BUNDLE_IDENTIFIER = "com.xcodecoba.ALP-getSchedUITests";
				PRODUCT_NAME = "$(TARGET_NAME)";
				SWIFT_EMIT_LOC_STRINGS = NO;
				SWIFT_VERSION = 5.0;
				TARGETED_DEVICE_FAMILY = "1,2";
				TEST_TARGET_NAME = ALP_getSched;
			};
			name = Release;
		};
/* End XCBuildConfiguration section */

/* Begin XCConfigurationList section */
		045BEB982A09EFE3002C5DAE /* Build configuration list for PBXProject "ALP_getSched" */ = {
			isa = XCConfigurationList;
			buildConfigurations = (
				045BEBBF2A09EFE4002C5DAE /* Debug */,
				045BEBC02A09EFE4002C5DAE /* Release */,
			);
			defaultConfigurationIsVisible = 0;
			defaultConfigurationName = Release;
		};
		045BEBC12A09EFE4002C5DAE /* Build configuration list for PBXNativeTarget "ALP_getSched" */ = {
			isa = XCConfigurationList;
			buildConfigurations = (
				045BEBC22A09EFE4002C5DAE /* Debug */,
				045BEBC32A09EFE4002C5DAE /* Release */,
			);
			defaultConfigurationIsVisible = 0;
			defaultConfigurationName = Release;
		};
		045BEBC42A09EFE4002C5DAE /* Build configuration list for PBXNativeTarget "ALP_getSchedTests" */ = {
			isa = XCConfigurationList;
			buildConfigurations = (
				045BEBC52A09EFE4002C5DAE /* Debug */,
				045BEBC62A09EFE4002C5DAE /* Release */,
			);
			defaultConfigurationIsVisible = 0;
			defaultConfigurationName = Release;
		};
		045BEBC72A09EFE4002C5DAE /* Build configuration list for PBXNativeTarget "ALP_getSchedUITests" */ = {
			isa = XCConfigurationList;
			buildConfigurations = (
				045BEBC82A09EFE4002C5DAE /* Debug */,
				045BEBC92A09EFE4002C5DAE /* Release */,
			);
			defaultConfigurationIsVisible = 0;
			defaultConfigurationName = Release;
		};
/* End XCConfigurationList section */

/* Begin XCRemoteSwiftPackageReference section */
		042D3EFC2A23703E009CFEB7 /* XCRemoteSwiftPackageReference "ChartView" */ = {
			isa = XCRemoteSwiftPackageReference;
			repositoryURL = "https://github.com/AppPear/ChartView";
			requirement = {
				kind = upToNextMajorVersion;
				minimumVersion = 1.0.0;
			};
		};
/* End XCRemoteSwiftPackageReference section */

/* Begin XCSwiftPackageProductDependency section */
		042D3EFD2A23703E009CFEB7 /* SwiftUICharts */ = {
			isa = XCSwiftPackageProductDependency;
			package = 042D3EFC2A23703E009CFEB7 /* XCRemoteSwiftPackageReference "ChartView" */;
			productName = SwiftUICharts;
		};
/* End XCSwiftPackageProductDependency section */
	};
	rootObject = 045BEB952A09EFE3002C5DAE /* Project object */;
}
